
Microsoft Visual Studio Solution File, Format Version 12.00
# Visual Studio Version 16
VisualStudioVersion = 16.0.31729.503
MinimumVisualStudioVersion = 10.0.40219.1
Project("{FAE04EC0-301F-11D3-BF4B-00C04F79EFBC}") = "tsp", "tsp.csproj", "{EA067F23-243F-44F8-A63E-DE4CAD849174}"
EndProject
Global
	GlobalSection(SolutionConfigurationPlatforms) = preSolution
		Debug|Any CPU = Debug|Any CPU
		Release|Any CPU = Release|Any CPU
	EndGlobalSection
	GlobalSection(ProjectConfigurationPlatforms) = postSolution
		{EA067F23-243F-44F8-A63E-DE4CAD849174}.Debug|Any CPU.ActiveCfg = Debug|Any CPU
		{EA067F23-243F-44F8-A63E-DE4CAD849174}.Debug|Any CPU.Build.0 = Debug|Any CPU
		{EA067F23-243F-44F8-A63E-DE4CAD849174}.Release|Any CPU.ActiveCfg = Release|Any CPU
		{EA067F23-243F-44F8-A63E-DE4CAD849174}.Release|Any CPU.Build.0 = Release|Any CPU
	EndGlobalSection
	GlobalSection(SolutionProperties) = preSolution
		HideSolutionNode = FALSE
	EndGlobalSection
	GlobalSection(ExtensibilityGlobals) = postSolution
		SolutionGuid = {3C226699-8002-407C-940A-1EBDAEF047CF}
	EndGlobalSection
EndGlobal
